
Microsoft Visual Studio Solution File, Format Version 11.00
# Visual Studio 2010
Project("{FAE04EC0-301F-11D3-BF4B-00C04F79EFBC}") = "MCPForUnity.Editor", "MCPForUnity.Editor.csproj", "{2edf3c0d-47bd-4934-3c5f-f97e4b485dd2}"
EndProject
Project("{FAE04EC0-301F-11D3-BF4B-00C04F79EFBC}") = "PhotonRealtime", "PhotonRealtime.csproj", "{4bf82f4f-f01c-e459-59a0-d0d49bde8810}"
EndProject
Project("{FAE04EC0-301F-11D3-BF4B-00C04F79EFBC}") = "PhotonUnityNetworking.Editor", "PhotonUnityNetworking.Editor.csproj", "{ba9e7bfa-8bc8-791b-299b-f42d5a7743a7}"
EndProject
Project("{FAE04EC0-301F-11D3-BF4B-00C04F79EFBC}") = "PhotonUnityNetworking", "PhotonUnityNetworking.csproj", "{45489323-76a7-e6bd-ea0f-79f41c375171}"
EndProject
Project("{FAE04EC0-301F-11D3-BF4B-00C04F79EFBC}") = "PhotonUnityNetworking.Demos", "PhotonUnityNetworking.Demos.csproj", "{a5ab9453-b40b-391b-34a3-93029295b63d}"
EndProject
Project("{FAE04EC0-301F-11D3-BF4B-00C04F79EFBC}") = "Assembly-CSharp", "Assembly-CSharp.csproj", "{01649944-c20b-a405-c38e-06e316d044a7}"
EndProject
Project("{FAE04EC0-301F-11D3-BF4B-00C04F79EFBC}") = "PhotonUnityNetworking.Utilities", "PhotonUnityNetworking.Utilities.csproj", "{7edfc8dc-eaac-32e3-42a6-0fad55732a21}"
EndProject
Project("{FAE04EC0-301F-11D3-BF4B-00C04F79EFBC}") = "MCPForUnity.Runtime", "MCPForUnity.Runtime.csproj", "{0dabb668-8579-c149-ff0f-ffdd13e942b3}"
EndProject
Project("{FAE04EC0-301F-11D3-BF4B-00C04F79EFBC}") = "Assembly-CSharp-Editor", "Assembly-CSharp-Editor.csproj", "{6ce76110-50dc-0394-6928-4e59a3a9999f}"
EndProject
Project("{FAE04EC0-301F-11D3-BF4B-00C04F79EFBC}") = "PunDemos.DemoHubEditor", "PunDemos.DemoHubEditor.csproj", "{f96f23d3-0e9a-a28f-bdb0-ef11b7473cc0}"
EndProject
Project("{FAE04EC0-301F-11D3-BF4B-00C04F79EFBC}") = "PunDemos.DemoSlotcarEditor", "PunDemos.DemoSlotcarEditor.csproj", "{b6dcd351-030e-315b-546d-8721a42d6d61}"
EndProject
Project("{FAE04EC0-301F-11D3-BF4B-00C04F79EFBC}") = "PhotonChat", "PhotonChat.csproj", "{98abfa58-a9f4-d74a-848a-c9c24fbd8c49}"
EndProject
Project("{FAE04EC0-301F-11D3-BF4B-00C04F79EFBC}") = "PhotonUnityNetworking.Utilities.PhotonPlayer.Editor", "PhotonUnityNetworking.Utilities.PhotonPlayer.Editor.csproj", "{125c06cf-24c1-0062-6362-e67d308ab9a9}"
EndProject
Project("{FAE04EC0-301F-11D3-BF4B-00C04F79EFBC}") = "PhotonUnityNetworking.Utilities.Culling.Editor", "PhotonUnityNetworking.Utilities.Culling.Editor.csproj", "{032c5251-8909-ecc0-1616-88c84f993969}"
EndProject
Global
	GlobalSection(SolutionConfigurationPlatforms) = preSolution
		Debug|Any CPU = Debug|Any CPU
	EndGlobalSection
	GlobalSection(ProjectConfigurationPlatforms) = postSolution
		{2edf3c0d-47bd-4934-3c5f-f97e4b485dd2}.Debug|Any CPU.ActiveCfg = Debug|Any CPU
		{2edf3c0d-47bd-4934-3c5f-f97e4b485dd2}.Debug|Any CPU.Build.0 = Debug|Any CPU
		{4bf82f4f-f01c-e459-59a0-d0d49bde8810}.Debug|Any CPU.ActiveCfg = Debug|Any CPU
		{4bf82f4f-f01c-e459-59a0-d0d49bde8810}.Debug|Any CPU.Build.0 = Debug|Any CPU
		{ba9e7bfa-8bc8-791b-299b-f42d5a7743a7}.Debug|Any CPU.ActiveCfg = Debug|Any CPU
		{ba9e7bfa-8bc8-791b-299b-f42d5a7743a7}.Debug|Any CPU.Build.0 = Debug|Any CPU
		{45489323-76a7-e6bd-ea0f-79f41c375171}.Debug|Any CPU.ActiveCfg = Debug|Any CPU
		{45489323-76a7-e6bd-ea0f-79f41c375171}.Debug|Any CPU.Build.0 = Debug|Any CPU
		{a5ab9453-b40b-391b-34a3-93029295b63d}.Debug|Any CPU.ActiveCfg = Debug|Any CPU
		{a5ab9453-b40b-391b-34a3-93029295b63d}.Debug|Any CPU.Build.0 = Debug|Any CPU
		{01649944-c20b-a405-c38e-06e316d044a7}.Debug|Any CPU.ActiveCfg = Debug|Any CPU
		{01649944-c20b-a405-c38e-06e316d044a7}.Debug|Any CPU.Build.0 = Debug|Any CPU
		{7edfc8dc-eaac-32e3-42a6-0fad55732a21}.Debug|Any CPU.ActiveCfg = Debug|Any CPU
		{7edfc8dc-eaac-32e3-42a6-0fad55732a21}.Debug|Any CPU.Build.0 = Debug|Any CPU
		{0dabb668-8579-c149-ff0f-ffdd13e942b3}.Debug|Any CPU.ActiveCfg = Debug|Any CPU
		{0dabb668-8579-c149-ff0f-ffdd13e942b3}.Debug|Any CPU.Build.0 = Debug|Any CPU
		{6ce76110-50dc-0394-6928-4e59a3a9999f}.Debug|Any CPU.ActiveCfg = Debug|Any CPU
		{6ce76110-50dc-0394-6928-4e59a3a9999f}.Debug|Any CPU.Build.0 = Debug|Any CPU
		{f96f23d3-0e9a-a28f-bdb0-ef11b7473cc0}.Debug|Any CPU.ActiveCfg = Debug|Any CPU
		{f96f23d3-0e9a-a28f-bdb0-ef11b7473cc0}.Debug|Any CPU.Build.0 = Debug|Any CPU
		{b6dcd351-030e-315b-546d-8721a42d6d61}.Debug|Any CPU.ActiveCfg = Debug|Any CPU
		{b6dcd351-030e-315b-546d-8721a42d6d61}.Debug|Any CPU.Build.0 = Debug|Any CPU
		{98abfa58-a9f4-d74a-848a-c9c24fbd8c49}.Debug|Any CPU.ActiveCfg = Debug|Any CPU
		{98abfa58-a9f4-d74a-848a-c9c24fbd8c49}.Debug|Any CPU.Build.0 = Debug|Any CPU
		{125c06cf-24c1-0062-6362-e67d308ab9a9}.Debug|Any CPU.ActiveCfg = Debug|Any CPU
		{125c06cf-24c1-0062-6362-e67d308ab9a9}.Debug|Any CPU.Build.0 = Debug|Any CPU
		{032c5251-8909-ecc0-1616-88c84f993969}.Debug|Any CPU.ActiveCfg = Debug|Any CPU
		{032c5251-8909-ecc0-1616-88c84f993969}.Debug|Any CPU.Build.0 = Debug|Any CPU
	EndGlobalSection
	GlobalSection(SolutionProperties) = preSolution
		HideSolutionNode = FALSE
	EndGlobalSection
EndGlobal
